
Microsoft Visual Studio Solution File, Format Version 12.00
# Visual Studio 15
Project("{FAE04EC0-301F-11D3-BF4B-00C04F79EFBC}") = "UnityEngine.UI", "UnityEngine.UI.csproj", "{636E42BD-F741-0141-1695-9DD74F848E5A}"
EndProject
Project("{FAE04EC0-301F-11D3-BF4B-00C04F79EFBC}") = "Unity.ProBuilder", "Unity.ProBuilder.csproj", "{FFCE64E2-80DA-82F4-77AB-F9519707FF37}"
EndProject
Project("{FAE04EC0-301F-11D3-BF4B-00C04F79EFBC}") = "UnityEngine.TestRunner", "UnityEngine.TestRunner.csproj", "{755DE84C-61B3-E9FD-8271-62C1DF786D20}"
EndProject
Project("{FAE04EC0-301F-11D3-BF4B-00C04F79EFBC}") = "Unity.RenderPipelines.Universal.Runtime", "Unity.RenderPipelines.Universal.Runtime.csproj", "{45DACF97-3A56-E293-9E6A-D9D24D47356F}"
EndProject
Project("{FAE04EC0-301F-11D3-BF4B-00C04F79EFBC}") = "Unity.TextMeshPro", "Unity.TextMeshPro.csproj", "{B38713A9-9CB9-D0B1-6170-A44AE2011ECD}"
EndProject
Project("{FAE04EC0-301F-11D3-BF4B-00C04F79EFBC}") = "Unity.Timeline", "Unity.Timeline.csproj", "{27624B1F-53D6-9537-A2F8-8CB98B390FAD}"
EndProject
Project("{FAE04EC0-301F-11D3-BF4B-00C04F79EFBC}") = "Cinemachine", "Cinemachine.csproj", "{9AA814CD-24EB-F089-F66F-85743ACE1DB2}"
EndProject
Project("{FAE04EC0-301F-11D3-BF4B-00C04F79EFBC}") = "Unity.RenderPipelines.Core.Runtime", "Unity.RenderPipelines.Core.Runtime.csproj", "{FC196E6B-0965-B61C-3D6E-99CEFC876FB0}"
EndProject
Project("{FAE04EC0-301F-11D3-BF4B-00C04F79EFBC}") = "Unity.ProBuilder.Poly2Tri", "Unity.ProBuilder.Poly2Tri.csproj", "{066C301A-614E-EDA9-94BA-8EC6985C6ED8}"
EndProject
Project("{FAE04EC0-301F-11D3-BF4B-00C04F79EFBC}") = "Assembly-CSharp", "Assembly-CSharp.csproj", "{482678FF-FDDD-D7B9-40C1-4E690A459408}"
EndProject
Project("{FAE04EC0-301F-11D3-BF4B-00C04F79EFBC}") = "Unity.ProBuilder.KdTree", "Unity.ProBuilder.KdTree.csproj", "{512CDFCB-DA09-BDB7-61D2-CD46025332DA}"
EndProject
Project("{FAE04EC0-301F-11D3-BF4B-00C04F79EFBC}") = "Unity.ProBuilder.Csg", "Unity.ProBuilder.Csg.csproj", "{681CB6EA-1F2E-2697-E906-09FB1A89BEC0}"
EndProject
Project("{FAE04EC0-301F-11D3-BF4B-00C04F79EFBC}") = "Unity.ProBuilder.Stl", "Unity.ProBuilder.Stl.csproj", "{2B641903-4282-5380-44A9-D5D6626036F7}"
EndProject
Project("{FAE04EC0-301F-11D3-BF4B-00C04F79EFBC}") = "Unity.RenderPipelines.ShaderGraph.ShaderGraphLibrary", "Unity.RenderPipelines.ShaderGraph.ShaderGraphLibrary.csproj", "{F530A811-3CE2-6850-ADDB-49CC7F4DDB12}"
EndProject
Project("{FAE04EC0-301F-11D3-BF4B-00C04F79EFBC}") = "Unity.RenderPipeline.Universal.ShaderLibrary", "Unity.RenderPipeline.Universal.ShaderLibrary.csproj", "{1553D0E5-D453-2583-E9B0-4179E526928A}"
EndProject
Project("{FAE04EC0-301F-11D3-BF4B-00C04F79EFBC}") = "Unity.RenderPipelines.Core.ShaderLibrary", "Unity.RenderPipelines.Core.ShaderLibrary.csproj", "{97D3136A-144F-D6B3-9097-D0B228A31C15}"
EndProject
Project("{FAE04EC0-301F-11D3-BF4B-00C04F79EFBC}") = "Unity.RenderPipelines.Universal.Shaders", "Unity.RenderPipelines.Universal.Shaders.csproj", "{0E551F3A-57DA-D4F9-C8BC-C5E64ED6FF04}"
EndProject
Project("{FAE04EC0-301F-11D3-BF4B-00C04F79EFBC}") = "Unity.InputSystem", "Unity.InputSystem.csproj", "{487E1B09-F13B-AA20-36B3-176BD6172B5C}"
EndProject
Project("{FAE04EC0-301F-11D3-BF4B-00C04F79EFBC}") = "UnityEditor.TestRunner", "UnityEditor.TestRunner.csproj", "{8FDAF748-19D1-6552-4FE7-5A6629E3563A}"
EndProject
Project("{FAE04EC0-301F-11D3-BF4B-00C04F79EFBC}") = "Unity.ProBuilder.Editor", "Unity.ProBuilder.Editor.csproj", "{24B62999-6DC7-6707-599F-1C6E20F6CF9B}"
EndProject
Project("{FAE04EC0-301F-11D3-BF4B-00C04F79EFBC}") = "Unity.ShaderGraph.Editor", "Unity.ShaderGraph.Editor.csproj", "{7A0758F2-13B9-86F7-AEBC-E4841FEBB41E}"
EndProject
Project("{FAE04EC0-301F-11D3-BF4B-00C04F79EFBC}") = "Unity.TextMeshPro.Editor", "Unity.TextMeshPro.Editor.csproj", "{63F6E2C6-763C-6054-DD18-5C5A95BBE6E6}"
EndProject
Project("{FAE04EC0-301F-11D3-BF4B-00C04F79EFBC}") = "Unity.Timeline.Editor", "Unity.Timeline.Editor.csproj", "{651F9774-BF94-DEE3-5219-A717F160A3C8}"
EndProject
Project("{FAE04EC0-301F-11D3-BF4B-00C04F79EFBC}") = "Unity.CollabProxy.Editor", "Unity.CollabProxy.Editor.csproj", "{D9B7B631-0EE9-EE0B-EEC9-7DED9FEEBD6A}"
EndProject
Project("{FAE04EC0-301F-11D3-BF4B-00C04F79EFBC}") = "Unity.RenderPipelines.Universal.Editor", "Unity.RenderPipelines.Universal.Editor.csproj", "{FBD3EEA9-6D7E-4969-9A38-ACF22BEEE5AD}"
EndProject
Project("{FAE04EC0-301F-11D3-BF4B-00C04F79EFBC}") = "Unity.Settings.Editor", "Unity.Settings.Editor.csproj", "{4E96DD0B-8644-129E-07FD-586C95679E87}"
EndProject
Project("{FAE04EC0-301F-11D3-BF4B-00C04F79EFBC}") = "com.unity.cinemachine.editor", "com.unity.cinemachine.editor.csproj", "{036B8F92-72B6-C4C4-55DB-2A5DCC1F61D5}"
EndProject
Project("{FAE04EC0-301F-11D3-BF4B-00C04F79EFBC}") = "UnityEditor.UI", "UnityEditor.UI.csproj", "{7134DE88-BD18-EE9B-EF82-E3FA1ED32116}"
EndProject
Project("{FAE04EC0-301F-11D3-BF4B-00C04F79EFBC}") = "Unity.Rider.Editor", "Unity.Rider.Editor.csproj", "{64F75248-8A3B-E9F4-726D-EE349F561999}"
EndProject
Project("{FAE04EC0-301F-11D3-BF4B-00C04F79EFBC}") = "Unity.VisualStudio.Editor", "Unity.VisualStudio.Editor.csproj", "{96E3F4A8-720F-9E0B-CC1C-B0AE4F52EC01}"
EndProject
Project("{FAE04EC0-301F-11D3-BF4B-00C04F79EFBC}") = "Unity.RenderPipelines.Core.Editor", "Unity.RenderPipelines.Core.Editor.csproj", "{754E3BE3-492A-AC1C-BF35-7C8CE7051E0C}"
EndProject
Project("{FAE04EC0-301F-11D3-BF4B-00C04F79EFBC}") = "Unity.ProBuilder.AssetIdRemapUtility", "Unity.ProBuilder.AssetIdRemapUtility.csproj", "{E27A2C78-FC72-B56E-A04E-7F7DF27D3F82}"
EndProject
Project("{FAE04EC0-301F-11D3-BF4B-00C04F79EFBC}") = "Unity.VSCode.Editor", "Unity.VSCode.Editor.csproj", "{9F3E4D3B-2DB5-850A-91EF-050DC5C0DB14}"
EndProject
Project("{FAE04EC0-301F-11D3-BF4B-00C04F79EFBC}") = "Unity.Searcher.Editor", "Unity.Searcher.Editor.csproj", "{0F3C3DB9-0151-714F-CD4A-C52A7D29C294}"
EndProject
Project("{FAE04EC0-301F-11D3-BF4B-00C04F79EFBC}") = "Unity.ShaderGraph.Utilities", "Unity.ShaderGraph.Utilities.csproj", "{FF7C4373-9CB3-DA05-8D11-3DBAD3130DEE}"
EndProject
Project("{FAE04EC0-301F-11D3-BF4B-00C04F79EFBC}") = "Unity.ProBuilder.AddOns.Editor", "Unity.ProBuilder.AddOns.Editor.csproj", "{E521ED2F-7CD1-513A-96A2-F7F2BEC6B4FB}"
EndProject
Global
	GlobalSection(SolutionConfigurationPlatforms) = preSolution
		Debug|Any CPU = Debug|Any CPU
		Release|Any CPU = Release|Any CPU
	EndGlobalSection
	GlobalSection(ProjectConfigurationPlatforms) = postSolution
		{636E42BD-F741-0141-1695-9DD74F848E5A}.Debug|Any CPU.ActiveCfg = Debug|Any CPU
		{636E42BD-F741-0141-1695-9DD74F848E5A}.Debug|Any CPU.Build.0 = Debug|Any CPU
		{636E42BD-F741-0141-1695-9DD74F848E5A}.Release|Any CPU.ActiveCfg = Release|Any CPU
		{636E42BD-F741-0141-1695-9DD74F848E5A}.Release|Any CPU.Build.0 = Release|Any CPU
		{FFCE64E2-80DA-82F4-77AB-F9519707FF37}.Debug|Any CPU.ActiveCfg = Debug|Any CPU
		{FFCE64E2-80DA-82F4-77AB-F9519707FF37}.Debug|Any CPU.Build.0 = Debug|Any CPU
		{FFCE64E2-80DA-82F4-77AB-F9519707FF37}.Release|Any CPU.ActiveCfg = Release|Any CPU
		{FFCE64E2-80DA-82F4-77AB-F9519707FF37}.Release|Any CPU.Build.0 = Release|Any CPU
		{755DE84C-61B3-E9FD-8271-62C1DF786D20}.Debug|Any CPU.ActiveCfg = Debug|Any CPU
		{755DE84C-61B3-E9FD-8271-62C1DF786D20}.Debug|Any CPU.Build.0 = Debug|Any CPU
		{755DE84C-61B3-E9FD-8271-62C1DF786D20}.Release|Any CPU.ActiveCfg = Release|Any CPU
		{755DE84C-61B3-E9FD-8271-62C1DF786D20}.Release|Any CPU.Build.0 = Release|Any CPU
		{45DACF97-3A56-E293-9E6A-D9D24D47356F}.Debug|Any CPU.ActiveCfg = Debug|Any CPU
		{45DACF97-3A56-E293-9E6A-D9D24D47356F}.Debug|Any CPU.Build.0 = Debug|Any CPU
		{45DACF97-3A56-E293-9E6A-D9D24D47356F}.Release|Any CPU.ActiveCfg = Release|Any CPU
		{45DACF97-3A56-E293-9E6A-D9D24D47356F}.Release|Any CPU.Build.0 = Release|Any CPU
		{B38713A9-9CB9-D0B1-6170-A44AE2011ECD}.Debug|Any CPU.ActiveCfg = Debug|Any CPU
		{B38713A9-9CB9-D0B1-6170-A44AE2011ECD}.Debug|Any CPU.Build.0 = Debug|Any CPU
		{B38713A9-9CB9-D0B1-6170-A44AE2011ECD}.Release|Any CPU.ActiveCfg = Release|Any CPU
		{B38713A9-9CB9-D0B1-6170-A44AE2011ECD}.Release|Any CPU.Build.0 = Release|Any CPU
		{27624B1F-53D6-9537-A2F8-8CB98B390FAD}.Debug|Any CPU.ActiveCfg = Debug|Any CPU
		{27624B1F-53D6-9537-A2F8-8CB98B390FAD}.Debug|Any CPU.Build.0 = Debug|Any CPU
		{27624B1F-53D6-9537-A2F8-8CB98B390FAD}.Release|Any CPU.ActiveCfg = Release|Any CPU
		{27624B1F-53D6-9537-A2F8-8CB98B390FAD}.Release|Any CPU.Build.0 = Release|Any CPU
		{9AA814CD-24EB-F089-F66F-85743ACE1DB2}.Debug|Any CPU.ActiveCfg = Debug|Any CPU
		{9AA814CD-24EB-F089-F66F-85743ACE1DB2}.Debug|Any CPU.Build.0 = Debug|Any CPU
		{9AA814CD-24EB-F089-F66F-85743ACE1DB2}.Release|Any CPU.ActiveCfg = Release|Any CPU
		{9AA814CD-24EB-F089-F66F-85743ACE1DB2}.Release|Any CPU.Build.0 = Release|Any CPU
		{FC196E6B-0965-B61C-3D6E-99CEFC876FB0}.Debug|Any CPU.ActiveCfg = Debug|Any CPU
		{FC196E6B-0965-B61C-3D6E-99CEFC876FB0}.Debug|Any CPU.Build.0 = Debug|Any CPU
		{FC196E6B-0965-B61C-3D6E-99CEFC876FB0}.Release|Any CPU.ActiveCfg = Release|Any CPU
		{FC196E6B-0965-B61C-3D6E-99CEFC876FB0}.Release|Any CPU.Build.0 = Release|Any CPU
		{066C301A-614E-EDA9-94BA-8EC6985C6ED8}.Debug|Any CPU.ActiveCfg = Debug|Any CPU
		{066C301A-614E-EDA9-94BA-8EC6985C6ED8}.Debug|Any CPU.Build.0 = Debug|Any CPU
		{066C301A-614E-EDA9-94BA-8EC6985C6ED8}.Release|Any CPU.ActiveCfg = Release|Any CPU
		{066C301A-614E-EDA9-94BA-8EC6985C6ED8}.Release|Any CPU.Build.0 = Release|Any CPU
		{482678FF-FDDD-D7B9-40C1-4E690A459408}.Debug|Any CPU.ActiveCfg = Debug|Any CPU
		{482678FF-FDDD-D7B9-40C1-4E690A459408}.Debug|Any CPU.Build.0 = Debug|Any CPU
		{482678FF-FDDD-D7B9-40C1-4E690A459408}.Release|Any CPU.ActiveCfg = Release|Any CPU
		{482678FF-FDDD-D7B9-40C1-4E690A459408}.Release|Any CPU.Build.0 = Release|Any CPU
		{512CDFCB-DA09-BDB7-61D2-CD46025332DA}.Debug|Any CPU.ActiveCfg = Debug|Any CPU
		{512CDFCB-DA09-BDB7-61D2-CD46025332DA}.Debug|Any CPU.Build.0 = Debug|Any CPU
		{512CDFCB-DA09-BDB7-61D2-CD46025332DA}.Release|Any CPU.ActiveCfg = Release|Any CPU
		{512CDFCB-DA09-BDB7-61D2-CD46025332DA}.Release|Any CPU.Build.0 = Release|Any CPU
		{681CB6EA-1F2E-2697-E906-09FB1A89BEC0}.Debug|Any CPU.ActiveCfg = Debug|Any CPU
		{681CB6EA-1F2E-2697-E906-09FB1A89BEC0}.Debug|Any CPU.Build.0 = Debug|Any CPU
		{681CB6EA-1F2E-2697-E906-09FB1A89BEC0}.Release|Any CPU.ActiveCfg = Release|Any CPU
		{681CB6EA-1F2E-2697-E906-09FB1A89BEC0}.Release|Any CPU.Build.0 = Release|Any CPU
		{2B641903-4282-5380-44A9-D5D6626036F7}.Debug|Any CPU.ActiveCfg = Debug|Any CPU
		{2B641903-4282-5380-44A9-D5D6626036F7}.Debug|Any CPU.Build.0 = Debug|Any CPU
		{2B641903-4282-5380-44A9-D5D6626036F7}.Release|Any CPU.ActiveCfg = Release|Any CPU
		{2B641903-4282-5380-44A9-D5D6626036F7}.Release|Any CPU.Build.0 = Release|Any CPU
		{F530A811-3CE2-6850-ADDB-49CC7F4DDB12}.Debug|Any CPU.ActiveCfg = Debug|Any CPU
		{F530A811-3CE2-6850-ADDB-49CC7F4DDB12}.Debug|Any CPU.Build.0 = Debug|Any CPU
		{F530A811-3CE2-6850-ADDB-49CC7F4DDB12}.Release|Any CPU.ActiveCfg = Release|Any CPU
		{F530A811-3CE2-6850-ADDB-49CC7F4DDB12}.Release|Any CPU.Build.0 = Release|Any CPU
		{1553D0E5-D453-2583-E9B0-4179E526928A}.Debug|Any CPU.ActiveCfg = Debug|Any CPU
		{1553D0E5-D453-2583-E9B0-4179E526928A}.Debug|Any CPU.Build.0 = Debug|Any CPU
		{1553D0E5-D453-2583-E9B0-4179E526928A}.Release|Any CPU.ActiveCfg = Release|Any CPU
		{1553D0E5-D453-2583-E9B0-4179E526928A}.Release|Any CPU.Build.0 = Release|Any CPU
		{97D3136A-144F-D6B3-9097-D0B228A31C15}.Debug|Any CPU.ActiveCfg = Debug|Any CPU
		{97D3136A-144F-D6B3-9097-D0B228A31C15}.Debug|Any CPU.Build.0 = Debug|Any CPU
		{97D3136A-144F-D6B3-9097-D0B228A31C15}.Release|Any CPU.ActiveCfg = Release|Any CPU
		{97D3136A-144F-D6B3-9097-D0B228A31C15}.Release|Any CPU.Build.0 = Release|Any CPU
		{0E551F3A-57DA-D4F9-C8BC-C5E64ED6FF04}.Debug|Any CPU.ActiveCfg = Debug|Any CPU
		{0E551F3A-57DA-D4F9-C8BC-C5E64ED6FF04}.Debug|Any CPU.Build.0 = Debug|Any CPU
		{0E551F3A-57DA-D4F9-C8BC-C5E64ED6FF04}.Release|Any CPU.ActiveCfg = Release|Any CPU
		{0E551F3A-57DA-D4F9-C8BC-C5E64ED6FF04}.Release|Any CPU.Build.0 = Release|Any CPU
		{487E1B09-F13B-AA20-36B3-176BD6172B5C}.Debug|Any CPU.ActiveCfg = Debug|Any CPU
		{487E1B09-F13B-AA20-36B3-176BD6172B5C}.Debug|Any CPU.Build.0 = Debug|Any CPU
		{487E1B09-F13B-AA20-36B3-176BD6172B5C}.Release|Any CPU.ActiveCfg = Release|Any CPU
		{487E1B09-F13B-AA20-36B3-176BD6172B5C}.Release|Any CPU.Build.0 = Release|Any CPU
		{8FDAF748-19D1-6552-4FE7-5A6629E3563A}.Debug|Any CPU.ActiveCfg = Debug|Any CPU
		{8FDAF748-19D1-6552-4FE7-5A6629E3563A}.Debug|Any CPU.Build.0 = Debug|Any CPU
		{8FDAF748-19D1-6552-4FE7-5A6629E3563A}.Release|Any CPU.ActiveCfg = Release|Any CPU
		{8FDAF748-19D1-6552-4FE7-5A6629E3563A}.Release|Any CPU.Build.0 = Release|Any CPU
		{24B62999-6DC7-6707-599F-1C6E20F6CF9B}.Debug|Any CPU.ActiveCfg = Debug|Any CPU
		{24B62999-6DC7-6707-599F-1C6E20F6CF9B}.Debug|Any CPU.Build.0 = Debug|Any CPU
		{24B62999-6DC7-6707-599F-1C6E20F6CF9B}.Release|Any CPU.ActiveCfg = Release|Any CPU
		{24B62999-6DC7-6707-599F-1C6E20F6CF9B}.Release|Any CPU.Build.0 = Release|Any CPU
		{7A0758F2-13B9-86F7-AEBC-E4841FEBB41E}.Debug|Any CPU.ActiveCfg = Debug|Any CPU
		{7A0758F2-13B9-86F7-AEBC-E4841FEBB41E}.Debug|Any CPU.Build.0 = Debug|Any CPU
		{7A0758F2-13B9-86F7-AEBC-E4841FEBB41E}.Release|Any CPU.ActiveCfg = Release|Any CPU
		{7A0758F2-13B9-86F7-AEBC-E4841FEBB41E}.Release|Any CPU.Build.0 = Release|Any CPU
		{63F6E2C6-763C-6054-DD18-5C5A95BBE6E6}.Debug|Any CPU.ActiveCfg = Debug|Any CPU
		{63F6E2C6-763C-6054-DD18-5C5A95BBE6E6}.Debug|Any CPU.Build.0 = Debug|Any CPU
		{63F6E2C6-763C-6054-DD18-5C5A95BBE6E6}.Release|Any CPU.ActiveCfg = Release|Any CPU
		{63F6E2C6-763C-6054-DD18-5C5A95BBE6E6}.Release|Any CPU.Build.0 = Release|Any CPU
		{651F9774-BF94-DEE3-5219-A717F160A3C8}.Debug|Any CPU.ActiveCfg = Debug|Any CPU
		{651F9774-BF94-DEE3-5219-A717F160A3C8}.Debug|Any CPU.Build.0 = Debug|Any CPU
		{651F9774-BF94-DEE3-5219-A717F160A3C8}.Release|Any CPU.ActiveCfg = Release|Any CPU
		{651F9774-BF94-DEE3-5219-A717F160A3C8}.Release|Any CPU.Build.0 = Release|Any CPU
		{D9B7B631-0EE9-EE0B-EEC9-7DED9FEEBD6A}.Debug|Any CPU.ActiveCfg = Debug|Any CPU
		{D9B7B631-0EE9-EE0B-EEC9-7DED9FEEBD6A}.Debug|Any CPU.Build.0 = Debug|Any CPU
		{D9B7B631-0EE9-EE0B-EEC9-7DED9FEEBD6A}.Release|Any CPU.ActiveCfg = Release|Any CPU
		{D9B7B631-0EE9-EE0B-EEC9-7DED9FEEBD6A}.Release|Any CPU.Build.0 = Release|Any CPU
		{FBD3EEA9-6D7E-4969-9A38-ACF22BEEE5AD}.Debug|Any CPU.ActiveCfg = Debug|Any CPU
		{FBD3EEA9-6D7E-4969-9A38-ACF22BEEE5AD}.Debug|Any CPU.Build.0 = Debug|Any CPU
		{FBD3EEA9-6D7E-4969-9A38-ACF22BEEE5AD}.Release|Any CPU.ActiveCfg = Release|Any CPU
		{FBD3EEA9-6D7E-4969-9A38-ACF22BEEE5AD}.Release|Any CPU.Build.0 = Release|Any CPU
		{4E96DD0B-8644-129E-07FD-586C95679E87}.Debug|Any CPU.ActiveCfg = Debug|Any CPU
		{4E96DD0B-8644-129E-07FD-586C95679E87}.Debug|Any CPU.Build.0 = Debug|Any CPU
		{4E96DD0B-8644-129E-07FD-586C95679E87}.Release|Any CPU.ActiveCfg = Release|Any CPU
		{4E96DD0B-8644-129E-07FD-586C95679E87}.Release|Any CPU.Build.0 = Release|Any CPU
		{036B8F92-72B6-C4C4-55DB-2A5DCC1F61D5}.Debug|Any CPU.ActiveCfg = Debug|Any CPU
		{036B8F92-72B6-C4C4-55DB-2A5DCC1F61D5}.Debug|Any CPU.Build.0 = Debug|Any CPU
		{036B8F92-72B6-C4C4-55DB-2A5DCC1F61D5}.Release|Any CPU.ActiveCfg = Release|Any CPU
		{036B8F92-72B6-C4C4-55DB-2A5DCC1F61D5}.Release|Any CPU.Build.0 = Release|Any CPU
		{7134DE88-BD18-EE9B-EF82-E3FA1ED32116}.Debug|Any CPU.ActiveCfg = Debug|Any CPU
		{7134DE88-BD18-EE9B-EF82-E3FA1ED32116}.Debug|Any CPU.Build.0 = Debug|Any CPU
		{7134DE88-BD18-EE9B-EF82-E3FA1ED32116}.Release|Any CPU.ActiveCfg = Release|Any CPU
		{7134DE88-BD18-EE9B-EF82-E3FA1ED32116}.Release|Any CPU.Build.0 = Release|Any CPU
		{64F75248-8A3B-E9F4-726D-EE349F561999}.Debug|Any CPU.ActiveCfg = Debug|Any CPU
		{64F75248-8A3B-E9F4-726D-EE349F561999}.Debug|Any CPU.Build.0 = Debug|Any CPU
		{64F75248-8A3B-E9F4-726D-EE349F561999}.Release|Any CPU.ActiveCfg = Release|Any CPU
		{64F75248-8A3B-E9F4-726D-EE349F561999}.Release|Any CPU.Build.0 = Release|Any CPU
		{96E3F4A8-720F-9E0B-CC1C-B0AE4F52EC01}.Debug|Any CPU.ActiveCfg = Debug|Any CPU
		{96E3F4A8-720F-9E0B-CC1C-B0AE4F52EC01}.Debug|Any CPU.Build.0 = Debug|Any CPU
		{96E3F4A8-720F-9E0B-CC1C-B0AE4F52EC01}.Release|Any CPU.ActiveCfg = Release|Any CPU
		{96E3F4A8-720F-9E0B-CC1C-B0AE4F52EC01}.Release|Any CPU.Build.0 = Release|Any CPU
		{754E3BE3-492A-AC1C-BF35-7C8CE7051E0C}.Debug|Any CPU.ActiveCfg = Debug|Any CPU
		{754E3BE3-492A-AC1C-BF35-7C8CE7051E0C}.Debug|Any CPU.Build.0 = Debug|Any CPU
		{754E3BE3-492A-AC1C-BF35-7C8CE7051E0C}.Release|Any CPU.ActiveCfg = Release|Any CPU
		{754E3BE3-492A-AC1C-BF35-7C8CE7051E0C}.Release|Any CPU.Build.0 = Release|Any CPU
		{E27A2C78-FC72-B56E-A04E-7F7DF27D3F82}.Debug|Any CPU.ActiveCfg = Debug|Any CPU
		{E27A2C78-FC72-B56E-A04E-7F7DF27D3F82}.Debug|Any CPU.Build.0 = Debug|Any CPU
		{E27A2C78-FC72-B56E-A04E-7F7DF27D3F82}.Release|Any CPU.ActiveCfg = Release|Any CPU
		{E27A2C78-FC72-B56E-A04E-7F7DF27D3F82}.Release|Any CPU.Build.0 = Release|Any CPU
		{9F3E4D3B-2DB5-850A-91EF-050DC5C0DB14}.Debug|Any CPU.ActiveCfg = Debug|Any CPU
		{9F3E4D3B-2DB5-850A-91EF-050DC5C0DB14}.Debug|Any CPU.Build.0 = Debug|Any CPU
		{9F3E4D3B-2DB5-850A-91EF-050DC5C0DB14}.Release|Any CPU.ActiveCfg = Release|Any CPU
		{9F3E4D3B-2DB5-850A-91EF-050DC5C0DB14}.Release|Any CPU.Build.0 = Release|Any CPU
		{0F3C3DB9-0151-714F-CD4A-C52A7D29C294}.Debug|Any CPU.ActiveCfg = Debug|Any CPU
		{0F3C3DB9-0151-714F-CD4A-C52A7D29C294}.Debug|Any CPU.Build.0 = Debug|Any CPU
		{0F3C3DB9-0151-714F-CD4A-C52A7D29C294}.Release|Any CPU.ActiveCfg = Release|Any CPU
		{0F3C3DB9-0151-714F-CD4A-C52A7D29C294}.Release|Any CPU.Build.0 = Release|Any CPU
		{FF7C4373-9CB3-DA05-8D11-3DBAD3130DEE}.Debug|Any CPU.ActiveCfg = Debug|Any CPU
		{FF7C4373-9CB3-DA05-8D11-3DBAD3130DEE}.Debug|Any CPU.Build.0 = Debug|Any CPU
		{FF7C4373-9CB3-DA05-8D11-3DBAD3130DEE}.Release|Any CPU.ActiveCfg = Release|Any CPU
		{FF7C4373-9CB3-DA05-8D11-3DBAD3130DEE}.Release|Any CPU.Build.0 = Release|Any CPU
		{E521ED2F-7CD1-513A-96A2-F7F2BEC6B4FB}.Debug|Any CPU.ActiveCfg = Debug|Any CPU
		{E521ED2F-7CD1-513A-96A2-F7F2BEC6B4FB}.Debug|Any CPU.Build.0 = Debug|Any CPU
		{E521ED2F-7CD1-513A-96A2-F7F2BEC6B4FB}.Release|Any CPU.ActiveCfg = Release|Any CPU
		{E521ED2F-7CD1-513A-96A2-F7F2BEC6B4FB}.Release|Any CPU.Build.0 = Release|Any CPU
	EndGlobalSection
	GlobalSection(SolutionProperties) = preSolution
		HideSolutionNode = FALSE
	EndGlobalSection
EndGlobal
